
Microsoft Visual Studio Solution File, Format Version 12.00
# Visual Studio Version 17
VisualStudioVersion = 17.0.31903.59
MinimumVisualStudioVersion = 10.0.40219.1
Project("{2150E333-8FDC-42A3-9474-1A3956D46DE8}") = "src", "src", "{827E0CD3-B72D-47B6-A68D-7590B98EB39B}"
EndProject
Project("{FAE04EC0-301F-11D3-BF4B-00C04F79EFBC}") = "UKBatch.Abstractions", "src\UKBatch.Abstractions\UKBatch.Abstractions.csproj", "{179E098D-A1F4-45FB-ADFA-4A467CD7BE99}"
EndProject
Project("{FAE04EC0-301F-11D3-BF4B-00C04F79EFBC}") = "UKBatch.Core", "src\UKBatch.Core\UKBatch.Core.csproj", "{E4937113-D0F5-47F1-B492-86FC1AFE4E05}"
EndProject
Project("{2150E333-8FDC-42A3-9474-1A3956D46DE8}") = "tests", "tests", "{0AB3BF05-4346-4AA6-1389-037BE0695223}"
EndProject
Project("{FAE04EC0-301F-11D3-BF4B-00C04F79EFBC}") = "UKBatch.Core.Tests", "tests\UKBatch.Core.Tests\UKBatch.Core.Tests.csproj", "{E30A8EE2-2410-4C21-BE68-3833A7BFD6A4}"
EndProject
Project("{FAE04EC0-301F-11D3-BF4B-00C04F79EFBC}") = "UKBatch.AspNetCore", "src\UKBatch.AspNetCore\UKBatch.AspNetCore.csproj", "{793E5C50-DCE8-48E5-8A3F-CBC34573ECFF}"
EndProject
Project("{2150E333-8FDC-42A3-9474-1A3956D46DE8}") = "samples", "samples", "{5D20AA90-6969-D8BD-9DCD-8634F4692FDA}"
EndProject
Project("{FAE04EC0-301F-11D3-BF4B-00C04F79EFBC}") = "Sample.SimpleJob", "samples\Sample.SimpleJob\Sample.SimpleJob.csproj", "{1DDA9735-9AC1-4BF7-AB5C-937BEA0B027A}"
EndProject
Project("{FAE04EC0-301F-11D3-BF4B-00C04F79EFBC}") = "Sample.BatchWorkflow", "samples\Sample.BatchWorkflow\Sample.BatchWorkflow.csproj", "{C6347C73-E11E-452D-A522-BA086AE11DF7}"
EndProject
Project("{FAE04EC0-301F-11D3-BF4B-00C04F79EFBC}") = "UKBatch.AspNetCore.Tests", "tests\UKBatch.AspNetCore.Tests\UKBatch.AspNetCore.Tests.csproj", "{337523D3-7D9A-415E-AE1B-F9076D4C10EA}"
EndProject
Project("{FAE04EC0-301F-11D3-BF4B-00C04F79EFBC}") = "UKBatch.Api", "src\UKBatch.Api\UKBatch.Api.csproj", "{064FBF9F-D8C5-46D7-B432-075198C1C780}"
EndProject
Project("{FAE04EC0-301F-11D3-BF4B-00C04F79EFBC}") = "Sample.RestApi", "samples\Sample.RestApi\Sample.RestApi.csproj", "{85F4FBE9-D300-4E15-B126-F35F2038B8DF}"
EndProject
Project("{FAE04EC0-301F-11D3-BF4B-00C04F79EFBC}") = "Sample.RestApi.HubClient", "samples\Sample.RestApi.HubClient\Sample.RestApi.HubClient.csproj", "{3931A2B2-8229-4A44-88A8-4DE13529691B}"
EndProject
Project("{FAE04EC0-301F-11D3-BF4B-00C04F79EFBC}") = "UKBatch.Api.Tests", "tests\UKBatch.Api.Tests\UKBatch.Api.Tests.csproj", "{C3CB3BA5-D425-460F-8D5B-821EB570E222}"
EndProject
Project("{FAE04EC0-301F-11D3-BF4B-00C04F79EFBC}") = "UKBatch.Dashboard", "src\UKBatch.Dashboard\UKBatch.Dashboard.csproj", "{74C16B7B-288A-448C-B2F5-0BF64606A99C}"
EndProject
Project("{FAE04EC0-301F-11D3-BF4B-00C04F79EFBC}") = "UKBatch.Dashboard.Tests", "tests\UKBatch.Dashboard.Tests\UKBatch.Dashboard.Tests.csproj", "{A9CBB547-A0FC-42D8-AADD-0E2445660EDB}"
EndProject
Project("{FAE04EC0-301F-11D3-BF4B-00C04F79EFBC}") = "Sample.Dashboard", "samples\Sample.Dashboard\Sample.Dashboard.csproj", "{FF8F79C6-2251-4C6E-A365-F3E880121986}"
EndProject
Project("{FAE04EC0-301F-11D3-BF4B-00C04F79EFBC}") = "UKBatch.Transport.Http", "src\UKBatch.Transport.Http\UKBatch.Transport.Http.csproj", "{8D20320A-2CE1-4262-821B-9318732DCA65}"
EndProject
Project("{FAE04EC0-301F-11D3-BF4B-00C04F79EFBC}") = "Sample.CrossServiceHttp.Worker", "samples\Sample.CrossServiceHttp.Worker\Sample.CrossServiceHttp.Worker.csproj", "{1FD4505A-204E-4162-A0C1-3A96261604AD}"
EndProject
Project("{FAE04EC0-301F-11D3-BF4B-00C04F79EFBC}") = "Sample.CrossServiceHttp.Orchestrator", "samples\Sample.CrossServiceHttp.Orchestrator\Sample.CrossServiceHttp.Orchestrator.csproj", "{16EDB586-B07F-406F-B4AA-6C36E46615ED}"
EndProject
Project("{FAE04EC0-301F-11D3-BF4B-00C04F79EFBC}") = "UKBatch.Transport.Http.Tests", "tests\UKBatch.Transport.Http.Tests\UKBatch.Transport.Http.Tests.csproj", "{B6E4889C-8807-4914-A7FC-5BFBFE2F1D11}"
EndProject
Project("{FAE04EC0-301F-11D3-BF4B-00C04F79EFBC}") = "UKBatch.Storage.EntityFrameworkCore", "src\UKBatch.Storage.EntityFrameworkCore\UKBatch.Storage.EntityFrameworkCore.csproj", "{3A0D7C7B-ED2B-4414-9CAB-97F4E210C588}"
EndProject
Project("{FAE04EC0-301F-11D3-BF4B-00C04F79EFBC}") = "UKBatch.Storage.EntityFrameworkCore.Tests", "tests\UKBatch.Storage.EntityFrameworkCore.Tests\UKBatch.Storage.EntityFrameworkCore.Tests.csproj", "{2AB7EFDA-B716-4F5A-A6EA-CE75143A0B53}"
EndProject
Project("{FAE04EC0-301F-11D3-BF4B-00C04F79EFBC}") = "UKBatch.Transport.RabbitMQ", "src\UKBatch.Transport.RabbitMQ\UKBatch.Transport.RabbitMQ.csproj", "{76510BC3-7F9C-4393-978A-AB989A6EF574}"
EndProject
Project("{FAE04EC0-301F-11D3-BF4B-00C04F79EFBC}") = "UKBatch.Transport.RabbitMQ.Tests", "tests\UKBatch.Transport.RabbitMQ.Tests\UKBatch.Transport.RabbitMQ.Tests.csproj", "{0B43E03C-9C7A-4121-9B85-B526D9050E3D}"
EndProject
Project("{FAE04EC0-301F-11D3-BF4B-00C04F79EFBC}") = "Sample.CrossServiceRabbitMQ.Orchestrator", "samples\Sample.CrossServiceRabbitMQ.Orchestrator\Sample.CrossServiceRabbitMQ.Orchestrator.csproj", "{E23D6989-16DA-461E-8ADE-B10D705927EB}"
EndProject
Project("{FAE04EC0-301F-11D3-BF4B-00C04F79EFBC}") = "Sample.CrossServiceRabbitMQ.Worker", "samples\Sample.CrossServiceRabbitMQ.Worker\Sample.CrossServiceRabbitMQ.Worker.csproj", "{205E340E-D1C3-4084-932E-BC457CA8BE6F}"
EndProject
Project("{FAE04EC0-301F-11D3-BF4B-00C04F79EFBC}") = "UKBatch.Worker", "src\UKBatch.Worker\UKBatch.Worker.csproj", "{744D3023-CFA5-49BE-B893-B5257EE11F1D}"
EndProject
Project("{FAE04EC0-301F-11D3-BF4B-00C04F79EFBC}") = "UKBatch.Server", "src\UKBatch.Server\UKBatch.Server.csproj", "{3E5D5A68-9ACB-429D-AA72-99967A37515D}"
EndProject
Project("{FAE04EC0-301F-11D3-BF4B-00C04F79EFBC}") = "UKBatch.Worker.Tests", "tests\UKBatch.Worker.Tests\UKBatch.Worker.Tests.csproj", "{E8F9C196-E7EB-4061-B72C-3F8F912F7EF7}"
EndProject
Project("{FAE04EC0-301F-11D3-BF4B-00C04F79EFBC}") = "UKBatch.Server.Tests", "tests\UKBatch.Server.Tests\UKBatch.Server.Tests.csproj", "{60B9D9F5-C49A-4C7E-940E-108D6E282321}"
EndProject
Project("{FAE04EC0-301F-11D3-BF4B-00C04F79EFBC}") = "Sample.WorkerMode.Invoicing", "samples\Sample.WorkerMode.Invoicing\Sample.WorkerMode.Invoicing.csproj", "{6F2C3416-BCE1-4E71-8598-8C5AD5C3CF71}"
EndProject
Project("{FAE04EC0-301F-11D3-BF4B-00C04F79EFBC}") = "Sample.WorkerMode.Shipping", "samples\Sample.WorkerMode.Shipping\Sample.WorkerMode.Shipping.csproj", "{A6F7AE2B-7564-447E-9C12-EA643298C199}"
EndProject
Project("{FAE04EC0-301F-11D3-BF4B-00C04F79EFBC}") = "Sample.WorkerMode.Notification", "samples\Sample.WorkerMode.Notification\Sample.WorkerMode.Notification.csproj", "{B8E3C5D2-4A71-4F92-8C3E-1D9F7A6B2E84}"
EndProject
Global
	GlobalSection(SolutionConfigurationPlatforms) = preSolution
		Debug|Any CPU = Debug|Any CPU
		Debug|x64 = Debug|x64
		Debug|x86 = Debug|x86
		Release|Any CPU = Release|Any CPU
		Release|x64 = Release|x64
		Release|x86 = Release|x86
	EndGlobalSection
	GlobalSection(ProjectConfigurationPlatforms) = postSolution
		{179E098D-A1F4-45FB-ADFA-4A467CD7BE99}.Debug|Any CPU.ActiveCfg = Debug|Any CPU
		{179E098D-A1F4-45FB-ADFA-4A467CD7BE99}.Debug|Any CPU.Build.0 = Debug|Any CPU
		{179E098D-A1F4-45FB-ADFA-4A467CD7BE99}.Debug|x64.ActiveCfg = Debug|Any CPU
		{179E098D-A1F4-45FB-ADFA-4A467CD7BE99}.Debug|x64.Build.0 = Debug|Any CPU
		{179E098D-A1F4-45FB-ADFA-4A467CD7BE99}.Debug|x86.ActiveCfg = Debug|Any CPU
		{179E098D-A1F4-45FB-ADFA-4A467CD7BE99}.Debug|x86.Build.0 = Debug|Any CPU
		{179E098D-A1F4-45FB-ADFA-4A467CD7BE99}.Release|Any CPU.ActiveCfg = Release|Any CPU
		{179E098D-A1F4-45FB-ADFA-4A467CD7BE99}.Release|Any CPU.Build.0 = Release|Any CPU
		{179E098D-A1F4-45FB-ADFA-4A467CD7BE99}.Release|x64.ActiveCfg = Release|Any CPU
		{179E098D-A1F4-45FB-ADFA-4A467CD7BE99}.Release|x64.Build.0 = Release|Any CPU
		{179E098D-A1F4-45FB-ADFA-4A467CD7BE99}.Release|x86.ActiveCfg = Release|Any CPU
		{179E098D-A1F4-45FB-ADFA-4A467CD7BE99}.Release|x86.Build.0 = Release|Any CPU
		{E4937113-D0F5-47F1-B492-86FC1AFE4E05}.Debug|Any CPU.ActiveCfg = Debug|Any CPU
		{E4937113-D0F5-47F1-B492-86FC1AFE4E05}.Debug|Any CPU.Build.0 = Debug|Any CPU
		{E4937113-D0F5-47F1-B492-86FC1AFE4E05}.Debug|x64.ActiveCfg = Debug|Any CPU
		{E4937113-D0F5-47F1-B492-86FC1AFE4E05}.Debug|x64.Build.0 = Debug|Any CPU
		{E4937113-D0F5-47F1-B492-86FC1AFE4E05}.Debug|x86.ActiveCfg = Debug|Any CPU
		{E4937113-D0F5-47F1-B492-86FC1AFE4E05}.Debug|x86.Build.0 = Debug|Any CPU
		{E4937113-D0F5-47F1-B492-86FC1AFE4E05}.Release|Any CPU.ActiveCfg = Release|Any CPU
		{E4937113-D0F5-47F1-B492-86FC1AFE4E05}.Release|Any CPU.Build.0 = Release|Any CPU
		{E4937113-D0F5-47F1-B492-86FC1AFE4E05}.Release|x64.ActiveCfg = Release|Any CPU
		{E4937113-D0F5-47F1-B492-86FC1AFE4E05}.Release|x64.Build.0 = Release|Any CPU
		{E4937113-D0F5-47F1-B492-86FC1AFE4E05}.Release|x86.ActiveCfg = Release|Any CPU
		{E4937113-D0F5-47F1-B492-86FC1AFE4E05}.Release|x86.Build.0 = Release|Any CPU
		{E30A8EE2-2410-4C21-BE68-3833A7BFD6A4}.Debug|Any CPU.ActiveCfg = Debug|Any CPU
		{E30A8EE2-2410-4C21-BE68-3833A7BFD6A4}.Debug|Any CPU.Build.0 = Debug|Any CPU
		{E30A8EE2-2410-4C21-BE68-3833A7BFD6A4}.Debug|x64.ActiveCfg = Debug|Any CPU
		{E30A8EE2-2410-4C21-BE68-3833A7BFD6A4}.Debug|x64.Build.0 = Debug|Any CPU
		{E30A8EE2-2410-4C21-BE68-3833A7BFD6A4}.Debug|x86.ActiveCfg = Debug|Any CPU
		{E30A8EE2-2410-4C21-BE68-3833A7BFD6A4}.Debug|x86.Build.0 = Debug|Any CPU
		{E30A8EE2-2410-4C21-BE68-3833A7BFD6A4}.Release|Any CPU.ActiveCfg = Release|Any CPU
		{E30A8EE2-2410-4C21-BE68-3833A7BFD6A4}.Release|Any CPU.Build.0 = Release|Any CPU
		{E30A8EE2-2410-4C21-BE68-3833A7BFD6A4}.Release|x64.ActiveCfg = Release|Any CPU
		{E30A8EE2-2410-4C21-BE68-3833A7BFD6A4}.Release|x64.Build.0 = Release|Any CPU
		{E30A8EE2-2410-4C21-BE68-3833A7BFD6A4}.Release|x86.ActiveCfg = Release|Any CPU
		{E30A8EE2-2410-4C21-BE68-3833A7BFD6A4}.Release|x86.Build.0 = Release|Any CPU
		{793E5C50-DCE8-48E5-8A3F-CBC34573ECFF}.Debug|Any CPU.ActiveCfg = Debug|Any CPU
		{793E5C50-DCE8-48E5-8A3F-CBC34573ECFF}.Debug|Any CPU.Build.0 = Debug|Any CPU
		{793E5C50-DCE8-48E5-8A3F-CBC34573ECFF}.Debug|x64.ActiveCfg = Debug|Any CPU
		{793E5C50-DCE8-48E5-8A3F-CBC34573ECFF}.Debug|x64.Build.0 = Debug|Any CPU
		{793E5C50-DCE8-48E5-8A3F-CBC34573ECFF}.Debug|x86.ActiveCfg = Debug|Any CPU
		{793E5C50-DCE8-48E5-8A3F-CBC34573ECFF}.Debug|x86.Build.0 = Debug|Any CPU
		{793E5C50-DCE8-48E5-8A3F-CBC34573ECFF}.Release|Any CPU.ActiveCfg = Release|Any CPU
		{793E5C50-DCE8-48E5-8A3F-CBC34573ECFF}.Release|Any CPU.Build.0 = Release|Any CPU
		{793E5C50-DCE8-48E5-8A3F-CBC34573ECFF}.Release|x64.ActiveCfg = Release|Any CPU
		{793E5C50-DCE8-48E5-8A3F-CBC34573ECFF}.Release|x64.Build.0 = Release|Any CPU
		{793E5C50-DCE8-48E5-8A3F-CBC34573ECFF}.Release|x86.ActiveCfg = Release|Any CPU
		{793E5C50-DCE8-48E5-8A3F-CBC34573ECFF}.Release|x86.Build.0 = Release|Any CPU
		{1DDA9735-9AC1-4BF7-AB5C-937BEA0B027A}.Debug|Any CPU.ActiveCfg = Debug|Any CPU
		{1DDA9735-9AC1-4BF7-AB5C-937BEA0B027A}.Debug|Any CPU.Build.0 = Debug|Any CPU
		{1DDA9735-9AC1-4BF7-AB5C-937BEA0B027A}.Debug|x64.ActiveCfg = Debug|Any CPU
		{1DDA9735-9AC1-4BF7-AB5C-937BEA0B027A}.Debug|x64.Build.0 = Debug|Any CPU
		{1DDA9735-9AC1-4BF7-AB5C-937BEA0B027A}.Debug|x86.ActiveCfg = Debug|Any CPU
		{1DDA9735-9AC1-4BF7-AB5C-937BEA0B027A}.Debug|x86.Build.0 = Debug|Any CPU
		{1DDA9735-9AC1-4BF7-AB5C-937BEA0B027A}.Release|Any CPU.ActiveCfg = Release|Any CPU
		{1DDA9735-9AC1-4BF7-AB5C-937BEA0B027A}.Release|Any CPU.Build.0 = Release|Any CPU
		{1DDA9735-9AC1-4BF7-AB5C-937BEA0B027A}.Release|x64.ActiveCfg = Release|Any CPU
		{1DDA9735-9AC1-4BF7-AB5C-937BEA0B027A}.Release|x64.Build.0 = Release|Any CPU
		{1DDA9735-9AC1-4BF7-AB5C-937BEA0B027A}.Release|x86.ActiveCfg = Release|Any CPU
		{1DDA9735-9AC1-4BF7-AB5C-937BEA0B027A}.Release|x86.Build.0 = Release|Any CPU
		{C6347C73-E11E-452D-A522-BA086AE11DF7}.Debug|Any CPU.ActiveCfg = Debug|Any CPU
		{C6347C73-E11E-452D-A522-BA086AE11DF7}.Debug|Any CPU.Build.0 = Debug|Any CPU
		{C6347C73-E11E-452D-A522-BA086AE11DF7}.Debug|x64.ActiveCfg = Debug|Any CPU
		{C6347C73-E11E-452D-A522-BA086AE11DF7}.Debug|x64.Build.0 = Debug|Any CPU
		{C6347C73-E11E-452D-A522-BA086AE11DF7}.Debug|x86.ActiveCfg = Debug|Any CPU
		{C6347C73-E11E-452D-A522-BA086AE11DF7}.Debug|x86.Build.0 = Debug|Any CPU
		{C6347C73-E11E-452D-A522-BA086AE11DF7}.Release|Any CPU.ActiveCfg = Release|Any CPU
		{C6347C73-E11E-452D-A522-BA086AE11DF7}.Release|Any CPU.Build.0 = Release|Any CPU
		{C6347C73-E11E-452D-A522-BA086AE11DF7}.Release|x64.ActiveCfg = Release|Any CPU
		{C6347C73-E11E-452D-A522-BA086AE11DF7}.Release|x64.Build.0 = Release|Any CPU
		{C6347C73-E11E-452D-A522-BA086AE11DF7}.Release|x86.ActiveCfg = Release|Any CPU
		{C6347C73-E11E-452D-A522-BA086AE11DF7}.Release|x86.Build.0 = Release|Any CPU
		{337523D3-7D9A-415E-AE1B-F9076D4C10EA}.Debug|Any CPU.ActiveCfg = Debug|Any CPU
		{337523D3-7D9A-415E-AE1B-F9076D4C10EA}.Debug|Any CPU.Build.0 = Debug|Any CPU
		{337523D3-7D9A-415E-AE1B-F9076D4C10EA}.Debug|x64.ActiveCfg = Debug|Any CPU
		{337523D3-7D9A-415E-AE1B-F9076D4C10EA}.Debug|x64.Build.0 = Debug|Any CPU
		{337523D3-7D9A-415E-AE1B-F9076D4C10EA}.Debug|x86.ActiveCfg = Debug|Any CPU
		{337523D3-7D9A-415E-AE1B-F9076D4C10EA}.Debug|x86.Build.0 = Debug|Any CPU
		{337523D3-7D9A-415E-AE1B-F9076D4C10EA}.Release|Any CPU.ActiveCfg = Release|Any CPU
		{337523D3-7D9A-415E-AE1B-F9076D4C10EA}.Release|Any CPU.Build.0 = Release|Any CPU
		{337523D3-7D9A-415E-AE1B-F9076D4C10EA}.Release|x64.ActiveCfg = Release|Any CPU
		{337523D3-7D9A-415E-AE1B-F9076D4C10EA}.Release|x64.Build.0 = Release|Any CPU
		{337523D3-7D9A-415E-AE1B-F9076D4C10EA}.Release|x86.ActiveCfg = Release|Any CPU
		{337523D3-7D9A-415E-AE1B-F9076D4C10EA}.Release|x86.Build.0 = Release|Any CPU
		{064FBF9F-D8C5-46D7-B432-075198C1C780}.Debug|Any CPU.ActiveCfg = Debug|Any CPU
		{064FBF9F-D8C5-46D7-B432-075198C1C780}.Debug|Any CPU.Build.0 = Debug|Any CPU
		{064FBF9F-D8C5-46D7-B432-075198C1C780}.Debug|x64.ActiveCfg = Debug|Any CPU
		{064FBF9F-D8C5-46D7-B432-075198C1C780}.Debug|x64.Build.0 = Debug|Any CPU
		{064FBF9F-D8C5-46D7-B432-075198C1C780}.Debug|x86.ActiveCfg = Debug|Any CPU
		{064FBF9F-D8C5-46D7-B432-075198C1C780}.Debug|x86.Build.0 = Debug|Any CPU
		{064FBF9F-D8C5-46D7-B432-075198C1C780}.Release|Any CPU.ActiveCfg = Release|Any CPU
		{064FBF9F-D8C5-46D7-B432-075198C1C780}.Release|Any CPU.Build.0 = Release|Any CPU
		{064FBF9F-D8C5-46D7-B432-075198C1C780}.Release|x64.ActiveCfg = Release|Any CPU
		{064FBF9F-D8C5-46D7-B432-075198C1C780}.Release|x64.Build.0 = Release|Any CPU
		{064FBF9F-D8C5-46D7-B432-075198C1C780}.Release|x86.ActiveCfg = Release|Any CPU
		{064FBF9F-D8C5-46D7-B432-075198C1C780}.Release|x86.Build.0 = Release|Any CPU
		{85F4FBE9-D300-4E15-B126-F35F2038B8DF}.Debug|Any CPU.ActiveCfg = Debug|Any CPU
		{85F4FBE9-D300-4E15-B126-F35F2038B8DF}.Debug|Any CPU.Build.0 = Debug|Any CPU
		{85F4FBE9-D300-4E15-B126-F35F2038B8DF}.Debug|x64.ActiveCfg = Debug|Any CPU
		{85F4FBE9-D300-4E15-B126-F35F2038B8DF}.Debug|x64.Build.0 = Debug|Any CPU
		{85F4FBE9-D300-4E15-B126-F35F2038B8DF}.Debug|x86.ActiveCfg = Debug|Any CPU
		{85F4FBE9-D300-4E15-B126-F35F2038B8DF}.Debug|x86.Build.0 = Debug|Any CPU
		{85F4FBE9-D300-4E15-B126-F35F2038B8DF}.Release|Any CPU.ActiveCfg = Release|Any CPU
		{85F4FBE9-D300-4E15-B126-F35F2038B8DF}.Release|Any CPU.Build.0 = Release|Any CPU
		{85F4FBE9-D300-4E15-B126-F35F2038B8DF}.Release|x64.ActiveCfg = Release|Any CPU
		{85F4FBE9-D300-4E15-B126-F35F2038B8DF}.Release|x64.Build.0 = Release|Any CPU
		{85F4FBE9-D300-4E15-B126-F35F2038B8DF}.Release|x86.ActiveCfg = Release|Any CPU
		{85F4FBE9-D300-4E15-B126-F35F2038B8DF}.Release|x86.Build.0 = Release|Any CPU
		{3931A2B2-8229-4A44-88A8-4DE13529691B}.Debug|Any CPU.ActiveCfg = Debug|Any CPU
		{3931A2B2-8229-4A44-88A8-4DE13529691B}.Debug|Any CPU.Build.0 = Debug|Any CPU
		{3931A2B2-8229-4A44-88A8-4DE13529691B}.Debug|x64.ActiveCfg = Debug|Any CPU
		{3931A2B2-8229-4A44-88A8-4DE13529691B}.Debug|x64.Build.0 = Debug|Any CPU
		{3931A2B2-8229-4A44-88A8-4DE13529691B}.Debug|x86.ActiveCfg = Debug|Any CPU
		{3931A2B2-8229-4A44-88A8-4DE13529691B}.Debug|x86.Build.0 = Debug|Any CPU
		{3931A2B2-8229-4A44-88A8-4DE13529691B}.Release|Any CPU.ActiveCfg = Release|Any CPU
		{3931A2B2-8229-4A44-88A8-4DE13529691B}.Release|Any CPU.Build.0 = Release|Any CPU
		{3931A2B2-8229-4A44-88A8-4DE13529691B}.Release|x64.ActiveCfg = Release|Any CPU
		{3931A2B2-8229-4A44-88A8-4DE13529691B}.Release|x64.Build.0 = Release|Any CPU
		{3931A2B2-8229-4A44-88A8-4DE13529691B}.Release|x86.ActiveCfg = Release|Any CPU
		{3931A2B2-8229-4A44-88A8-4DE13529691B}.Release|x86.Build.0 = Release|Any CPU
		{C3CB3BA5-D425-460F-8D5B-821EB570E222}.Debug|Any CPU.ActiveCfg = Debug|Any CPU
		{C3CB3BA5-D425-460F-8D5B-821EB570E222}.Debug|Any CPU.Build.0 = Debug|Any CPU
		{C3CB3BA5-D425-460F-8D5B-821EB570E222}.Debug|x64.ActiveCfg = Debug|Any CPU
		{C3CB3BA5-D425-460F-8D5B-821EB570E222}.Debug|x64.Build.0 = Debug|Any CPU
		{C3CB3BA5-D425-460F-8D5B-821EB570E222}.Debug|x86.ActiveCfg = Debug|Any CPU
		{C3CB3BA5-D425-460F-8D5B-821EB570E222}.Debug|x86.Build.0 = Debug|Any CPU
		{C3CB3BA5-D425-460F-8D5B-821EB570E222}.Release|Any CPU.ActiveCfg = Release|Any CPU
		{C3CB3BA5-D425-460F-8D5B-821EB570E222}.Release|Any CPU.Build.0 = Release|Any CPU
		{C3CB3BA5-D425-460F-8D5B-821EB570E222}.Release|x64.ActiveCfg = Release|Any CPU
		{C3CB3BA5-D425-460F-8D5B-821EB570E222}.Release|x64.Build.0 = Release|Any CPU
		{C3CB3BA5-D425-460F-8D5B-821EB570E222}.Release|x86.ActiveCfg = Release|Any CPU
		{C3CB3BA5-D425-460F-8D5B-821EB570E222}.Release|x86.Build.0 = Release|Any CPU
		{74C16B7B-288A-448C-B2F5-0BF64606A99C}.Debug|Any CPU.ActiveCfg = Debug|Any CPU
		{74C16B7B-288A-448C-B2F5-0BF64606A99C}.Debug|Any CPU.Build.0 = Debug|Any CPU
		{74C16B7B-288A-448C-B2F5-0BF64606A99C}.Debug|x64.ActiveCfg = Debug|Any CPU
		{74C16B7B-288A-448C-B2F5-0BF64606A99C}.Debug|x64.Build.0 = Debug|Any CPU
		{74C16B7B-288A-448C-B2F5-0BF64606A99C}.Debug|x86.ActiveCfg = Debug|Any CPU
		{74C16B7B-288A-448C-B2F5-0BF64606A99C}.Debug|x86.Build.0 = Debug|Any CPU
		{74C16B7B-288A-448C-B2F5-0BF64606A99C}.Release|Any CPU.ActiveCfg = Release|Any CPU
		{74C16B7B-288A-448C-B2F5-0BF64606A99C}.Release|Any CPU.Build.0 = Release|Any CPU
		{74C16B7B-288A-448C-B2F5-0BF64606A99C}.Release|x64.ActiveCfg = Release|Any CPU
		{74C16B7B-288A-448C-B2F5-0BF64606A99C}.Release|x64.Build.0 = Release|Any CPU
		{74C16B7B-288A-448C-B2F5-0BF64606A99C}.Release|x86.ActiveCfg = Release|Any CPU
		{74C16B7B-288A-448C-B2F5-0BF64606A99C}.Release|x86.Build.0 = Release|Any CPU
		{A9CBB547-A0FC-42D8-AADD-0E2445660EDB}.Debug|Any CPU.ActiveCfg = Debug|Any CPU
		{A9CBB547-A0FC-42D8-AADD-0E2445660EDB}.Debug|Any CPU.Build.0 = Debug|Any CPU
		{A9CBB547-A0FC-42D8-AADD-0E2445660EDB}.Debug|x64.ActiveCfg = Debug|Any CPU
		{A9CBB547-A0FC-42D8-AADD-0E2445660EDB}.Debug|x64.Build.0 = Debug|Any CPU
		{A9CBB547-A0FC-42D8-AADD-0E2445660EDB}.Debug|x86.ActiveCfg = Debug|Any CPU
		{A9CBB547-A0FC-42D8-AADD-0E2445660EDB}.Debug|x86.Build.0 = Debug|Any CPU
		{A9CBB547-A0FC-42D8-AADD-0E2445660EDB}.Release|Any CPU.ActiveCfg = Release|Any CPU
		{A9CBB547-A0FC-42D8-AADD-0E2445660EDB}.Release|Any CPU.Build.0 = Release|Any CPU
		{A9CBB547-A0FC-42D8-AADD-0E2445660EDB}.Release|x64.ActiveCfg = Release|Any CPU
		{A9CBB547-A0FC-42D8-AADD-0E2445660EDB}.Release|x64.Build.0 = Release|Any CPU
		{A9CBB547-A0FC-42D8-AADD-0E2445660EDB}.Release|x86.ActiveCfg = Release|Any CPU
		{A9CBB547-A0FC-42D8-AADD-0E2445660EDB}.Release|x86.Build.0 = Release|Any CPU
		{FF8F79C6-2251-4C6E-A365-F3E880121986}.Debug|Any CPU.ActiveCfg = Debug|Any CPU
		{FF8F79C6-2251-4C6E-A365-F3E880121986}.Debug|Any CPU.Build.0 = Debug|Any CPU
		{FF8F79C6-2251-4C6E-A365-F3E880121986}.Debug|x64.ActiveCfg = Debug|Any CPU
		{FF8F79C6-2251-4C6E-A365-F3E880121986}.Debug|x64.Build.0 = Debug|Any CPU
		{FF8F79C6-2251-4C6E-A365-F3E880121986}.Debug|x86.ActiveCfg = Debug|Any CPU
		{FF8F79C6-2251-4C6E-A365-F3E880121986}.Debug|x86.Build.0 = Debug|Any CPU
		{FF8F79C6-2251-4C6E-A365-F3E880121986}.Release|Any CPU.ActiveCfg = Release|Any CPU
		{FF8F79C6-2251-4C6E-A365-F3E880121986}.Release|Any CPU.Build.0 = Release|Any CPU
		{FF8F79C6-2251-4C6E-A365-F3E880121986}.Release|x64.ActiveCfg = Release|Any CPU
		{FF8F79C6-2251-4C6E-A365-F3E880121986}.Release|x64.Build.0 = Release|Any CPU
		{FF8F79C6-2251-4C6E-A365-F3E880121986}.Release|x86.ActiveCfg = Release|Any CPU
		{FF8F79C6-2251-4C6E-A365-F3E880121986}.Release|x86.Build.0 = Release|Any CPU
		{8D20320A-2CE1-4262-821B-9318732DCA65}.Debug|Any CPU.ActiveCfg = Debug|Any CPU
		{8D20320A-2CE1-4262-821B-9318732DCA65}.Debug|Any CPU.Build.0 = Debug|Any CPU
		{8D20320A-2CE1-4262-821B-9318732DCA65}.Debug|x64.ActiveCfg = Debug|Any CPU
		{8D20320A-2CE1-4262-821B-9318732DCA65}.Debug|x64.Build.0 = Debug|Any CPU
		{8D20320A-2CE1-4262-821B-9318732DCA65}.Debug|x86.ActiveCfg = Debug|Any CPU
		{8D20320A-2CE1-4262-821B-9318732DCA65}.Debug|x86.Build.0 = Debug|Any CPU
		{8D20320A-2CE1-4262-821B-9318732DCA65}.Release|Any CPU.ActiveCfg = Release|Any CPU
		{8D20320A-2CE1-4262-821B-9318732DCA65}.Release|Any CPU.Build.0 = Release|Any CPU
		{8D20320A-2CE1-4262-821B-9318732DCA65}.Release|x64.ActiveCfg = Release|Any CPU
		{8D20320A-2CE1-4262-821B-9318732DCA65}.Release|x64.Build.0 = Release|Any CPU
		{8D20320A-2CE1-4262-821B-9318732DCA65}.Release|x86.ActiveCfg = Release|Any CPU
		{8D20320A-2CE1-4262-821B-9318732DCA65}.Release|x86.Build.0 = Release|Any CPU
		{1FD4505A-204E-4162-A0C1-3A96261604AD}.Debug|Any CPU.ActiveCfg = Debug|Any CPU
		{1FD4505A-204E-4162-A0C1-3A96261604AD}.Debug|Any CPU.Build.0 = Debug|Any CPU
		{1FD4505A-204E-4162-A0C1-3A96261604AD}.Debug|x64.ActiveCfg = Debug|Any CPU
		{1FD4505A-204E-4162-A0C1-3A96261604AD}.Debug|x64.Build.0 = Debug|Any CPU
		{1FD4505A-204E-4162-A0C1-3A96261604AD}.Debug|x86.ActiveCfg = Debug|Any CPU
		{1FD4505A-204E-4162-A0C1-3A96261604AD}.Debug|x86.Build.0 = Debug|Any CPU
		{1FD4505A-204E-4162-A0C1-3A96261604AD}.Release|Any CPU.ActiveCfg = Release|Any CPU
		{1FD4505A-204E-4162-A0C1-3A96261604AD}.Release|Any CPU.Build.0 = Release|Any CPU
		{1FD4505A-204E-4162-A0C1-3A96261604AD}.Release|x64.ActiveCfg = Release|Any CPU
		{1FD4505A-204E-4162-A0C1-3A96261604AD}.Release|x64.Build.0 = Release|Any CPU
		{1FD4505A-204E-4162-A0C1-3A96261604AD}.Release|x86.ActiveCfg = Release|Any CPU
		{1FD4505A-204E-4162-A0C1-3A96261604AD}.Release|x86.Build.0 = Release|Any CPU
		{16EDB586-B07F-406F-B4AA-6C36E46615ED}.Debug|Any CPU.ActiveCfg = Debug|Any CPU
		{16EDB586-B07F-406F-B4AA-6C36E46615ED}.Debug|Any CPU.Build.0 = Debug|Any CPU
		{16EDB586-B07F-406F-B4AA-6C36E46615ED}.Debug|x64.ActiveCfg = Debug|Any CPU
		{16EDB586-B07F-406F-B4AA-6C36E46615ED}.Debug|x64.Build.0 = Debug|Any CPU
		{16EDB586-B07F-406F-B4AA-6C36E46615ED}.Debug|x86.ActiveCfg = Debug|Any CPU
		{16EDB586-B07F-406F-B4AA-6C36E46615ED}.Debug|x86.Build.0 = Debug|Any CPU
		{16EDB586-B07F-406F-B4AA-6C36E46615ED}.Release|Any CPU.ActiveCfg = Release|Any CPU
		{16EDB586-B07F-406F-B4AA-6C36E46615ED}.Release|Any CPU.Build.0 = Release|Any CPU
		{16EDB586-B07F-406F-B4AA-6C36E46615ED}.Release|x64.ActiveCfg = Release|Any CPU
		{16EDB586-B07F-406F-B4AA-6C36E46615ED}.Release|x64.Build.0 = Release|Any CPU
		{16EDB586-B07F-406F-B4AA-6C36E46615ED}.Release|x86.ActiveCfg = Release|Any CPU
		{16EDB586-B07F-406F-B4AA-6C36E46615ED}.Release|x86.Build.0 = Release|Any CPU
		{B6E4889C-8807-4914-A7FC-5BFBFE2F1D11}.Debug|Any CPU.ActiveCfg = Debug|Any CPU
		{B6E4889C-8807-4914-A7FC-5BFBFE2F1D11}.Debug|Any CPU.Build.0 = Debug|Any CPU
		{B6E4889C-8807-4914-A7FC-5BFBFE2F1D11}.Debug|x64.ActiveCfg = Debug|Any CPU
		{B6E4889C-8807-4914-A7FC-5BFBFE2F1D11}.Debug|x64.Build.0 = Debug|Any CPU
		{B6E4889C-8807-4914-A7FC-5BFBFE2F1D11}.Debug|x86.ActiveCfg = Debug|Any CPU
		{B6E4889C-8807-4914-A7FC-5BFBFE2F1D11}.Debug|x86.Build.0 = Debug|Any CPU
		{B6E4889C-8807-4914-A7FC-5BFBFE2F1D11}.Release|Any CPU.ActiveCfg = Release|Any CPU
		{B6E4889C-8807-4914-A7FC-5BFBFE2F1D11}.Release|Any CPU.Build.0 = Release|Any CPU
		{B6E4889C-8807-4914-A7FC-5BFBFE2F1D11}.Release|x64.ActiveCfg = Release|Any CPU
		{B6E4889C-8807-4914-A7FC-5BFBFE2F1D11}.Release|x64.Build.0 = Release|Any CPU
		{B6E4889C-8807-4914-A7FC-5BFBFE2F1D11}.Release|x86.ActiveCfg = Release|Any CPU
		{B6E4889C-8807-4914-A7FC-5BFBFE2F1D11}.Release|x86.Build.0 = Release|Any CPU
		{3A0D7C7B-ED2B-4414-9CAB-97F4E210C588}.Debug|Any CPU.ActiveCfg = Debug|Any CPU
		{3A0D7C7B-ED2B-4414-9CAB-97F4E210C588}.Debug|Any CPU.Build.0 = Debug|Any CPU
		{3A0D7C7B-ED2B-4414-9CAB-97F4E210C588}.Debug|x64.ActiveCfg = Debug|Any CPU
		{3A0D7C7B-ED2B-4414-9CAB-97F4E210C588}.Debug|x64.Build.0 = Debug|Any CPU
		{3A0D7C7B-ED2B-4414-9CAB-97F4E210C588}.Debug|x86.ActiveCfg = Debug|Any CPU
		{3A0D7C7B-ED2B-4414-9CAB-97F4E210C588}.Debug|x86.Build.0 = Debug|Any CPU
		{3A0D7C7B-ED2B-4414-9CAB-97F4E210C588}.Release|Any CPU.ActiveCfg = Release|Any CPU
		{3A0D7C7B-ED2B-4414-9CAB-97F4E210C588}.Release|Any CPU.Build.0 = Release|Any CPU
		{3A0D7C7B-ED2B-4414-9CAB-97F4E210C588}.Release|x64.ActiveCfg = Release|Any CPU
		{3A0D7C7B-ED2B-4414-9CAB-97F4E210C588}.Release|x64.Build.0 = Release|Any CPU
		{3A0D7C7B-ED2B-4414-9CAB-97F4E210C588}.Release|x86.ActiveCfg = Release|Any CPU
		{3A0D7C7B-ED2B-4414-9CAB-97F4E210C588}.Release|x86.Build.0 = Release|Any CPU
		{2AB7EFDA-B716-4F5A-A6EA-CE75143A0B53}.Debug|Any CPU.ActiveCfg = Debug|Any CPU
		{2AB7EFDA-B716-4F5A-A6EA-CE75143A0B53}.Debug|Any CPU.Build.0 = Debug|Any CPU
		{2AB7EFDA-B716-4F5A-A6EA-CE75143A0B53}.Debug|x64.ActiveCfg = Debug|Any CPU
		{2AB7EFDA-B716-4F5A-A6EA-CE75143A0B53}.Debug|x64.Build.0 = Debug|Any CPU
		{2AB7EFDA-B716-4F5A-A6EA-CE75143A0B53}.Debug|x86.ActiveCfg = Debug|Any CPU
		{2AB7EFDA-B716-4F5A-A6EA-CE75143A0B53}.Debug|x86.Build.0 = Debug|Any CPU
		{2AB7EFDA-B716-4F5A-A6EA-CE75143A0B53}.Release|Any CPU.ActiveCfg = Release|Any CPU
		{2AB7EFDA-B716-4F5A-A6EA-CE75143A0B53}.Release|Any CPU.Build.0 = Release|Any CPU
		{2AB7EFDA-B716-4F5A-A6EA-CE75143A0B53}.Release|x64.ActiveCfg = Release|Any CPU
		{2AB7EFDA-B716-4F5A-A6EA-CE75143A0B53}.Release|x64.Build.0 = Release|Any CPU
		{2AB7EFDA-B716-4F5A-A6EA-CE75143A0B53}.Release|x86.ActiveCfg = Release|Any CPU
		{2AB7EFDA-B716-4F5A-A6EA-CE75143A0B53}.Release|x86.Build.0 = Release|Any CPU
		{76510BC3-7F9C-4393-978A-AB989A6EF574}.Debug|Any CPU.ActiveCfg = Debug|Any CPU
		{76510BC3-7F9C-4393-978A-AB989A6EF574}.Debug|Any CPU.Build.0 = Debug|Any CPU
		{76510BC3-7F9C-4393-978A-AB989A6EF574}.Debug|x64.ActiveCfg = Debug|Any CPU
		{76510BC3-7F9C-4393-978A-AB989A6EF574}.Debug|x64.Build.0 = Debug|Any CPU
		{76510BC3-7F9C-4393-978A-AB989A6EF574}.Debug|x86.ActiveCfg = Debug|Any CPU
		{76510BC3-7F9C-4393-978A-AB989A6EF574}.Debug|x86.Build.0 = Debug|Any CPU
		{76510BC3-7F9C-4393-978A-AB989A6EF574}.Release|Any CPU.ActiveCfg = Release|Any CPU
		{76510BC3-7F9C-4393-978A-AB989A6EF574}.Release|Any CPU.Build.0 = Release|Any CPU
		{76510BC3-7F9C-4393-978A-AB989A6EF574}.Release|x64.ActiveCfg = Release|Any CPU
		{76510BC3-7F9C-4393-978A-AB989A6EF574}.Release|x64.Build.0 = Release|Any CPU
		{76510BC3-7F9C-4393-978A-AB989A6EF574}.Release|x86.ActiveCfg = Release|Any CPU
		{76510BC3-7F9C-4393-978A-AB989A6EF574}.Release|x86.Build.0 = Release|Any CPU
		{0B43E03C-9C7A-4121-9B85-B526D9050E3D}.Debug|Any CPU.ActiveCfg = Debug|Any CPU
		{0B43E03C-9C7A-4121-9B85-B526D9050E3D}.Debug|Any CPU.Build.0 = Debug|Any CPU
		{0B43E03C-9C7A-4121-9B85-B526D9050E3D}.Debug|x64.ActiveCfg = Debug|Any CPU
		{0B43E03C-9C7A-4121-9B85-B526D9050E3D}.Debug|x64.Build.0 = Debug|Any CPU
		{0B43E03C-9C7A-4121-9B85-B526D9050E3D}.Debug|x86.ActiveCfg = Debug|Any CPU
		{0B43E03C-9C7A-4121-9B85-B526D9050E3D}.Debug|x86.Build.0 = Debug|Any CPU
		{0B43E03C-9C7A-4121-9B85-B526D9050E3D}.Release|Any CPU.ActiveCfg = Release|Any CPU
		{0B43E03C-9C7A-4121-9B85-B526D9050E3D}.Release|Any CPU.Build.0 = Release|Any CPU
		{0B43E03C-9C7A-4121-9B85-B526D9050E3D}.Release|x64.ActiveCfg = Release|Any CPU
		{0B43E03C-9C7A-4121-9B85-B526D9050E3D}.Release|x64.Build.0 = Release|Any CPU
		{0B43E03C-9C7A-4121-9B85-B526D9050E3D}.Release|x86.ActiveCfg = Release|Any CPU
		{0B43E03C-9C7A-4121-9B85-B526D9050E3D}.Release|x86.Build.0 = Release|Any CPU
		{E23D6989-16DA-461E-8ADE-B10D705927EB}.Debug|Any CPU.ActiveCfg = Debug|Any CPU
		{E23D6989-16DA-461E-8ADE-B10D705927EB}.Debug|Any CPU.Build.0 = Debug|Any CPU
		{E23D6989-16DA-461E-8ADE-B10D705927EB}.Debug|x64.ActiveCfg = Debug|Any CPU
		{E23D6989-16DA-461E-8ADE-B10D705927EB}.Debug|x64.Build.0 = Debug|Any CPU
		{E23D6989-16DA-461E-8ADE-B10D705927EB}.Debug|x86.ActiveCfg = Debug|Any CPU
		{E23D6989-16DA-461E-8ADE-B10D705927EB}.Debug|x86.Build.0 = Debug|Any CPU
		{E23D6989-16DA-461E-8ADE-B10D705927EB}.Release|Any CPU.ActiveCfg = Release|Any CPU
		{E23D6989-16DA-461E-8ADE-B10D705927EB}.Release|Any CPU.Build.0 = Release|Any CPU
		{E23D6989-16DA-461E-8ADE-B10D705927EB}.Release|x64.ActiveCfg = Release|Any CPU
		{E23D6989-16DA-461E-8ADE-B10D705927EB}.Release|x64.Build.0 = Release|Any CPU
		{E23D6989-16DA-461E-8ADE-B10D705927EB}.Release|x86.ActiveCfg = Release|Any CPU
		{E23D6989-16DA-461E-8ADE-B10D705927EB}.Release|x86.Build.0 = Release|Any CPU
		{205E340E-D1C3-4084-932E-BC457CA8BE6F}.Debug|Any CPU.ActiveCfg = Debug|Any CPU
		{205E340E-D1C3-4084-932E-BC457CA8BE6F}.Debug|Any CPU.Build.0 = Debug|Any CPU
		{205E340E-D1C3-4084-932E-BC457CA8BE6F}.Debug|x64.ActiveCfg = Debug|Any CPU
		{205E340E-D1C3-4084-932E-BC457CA8BE6F}.Debug|x64.Build.0 = Debug|Any CPU
		{205E340E-D1C3-4084-932E-BC457CA8BE6F}.Debug|x86.ActiveCfg = Debug|Any CPU
		{205E340E-D1C3-4084-932E-BC457CA8BE6F}.Debug|x86.Build.0 = Debug|Any CPU
		{205E340E-D1C3-4084-932E-BC457CA8BE6F}.Release|Any CPU.ActiveCfg = Release|Any CPU
		{205E340E-D1C3-4084-932E-BC457CA8BE6F}.Release|Any CPU.Build.0 = Release|Any CPU
		{205E340E-D1C3-4084-932E-BC457CA8BE6F}.Release|x64.ActiveCfg = Release|Any CPU
		{205E340E-D1C3-4084-932E-BC457CA8BE6F}.Release|x64.Build.0 = Release|Any CPU
		{205E340E-D1C3-4084-932E-BC457CA8BE6F}.Release|x86.ActiveCfg = Release|Any CPU
		{205E340E-D1C3-4084-932E-BC457CA8BE6F}.Release|x86.Build.0 = Release|Any CPU
		{744D3023-CFA5-49BE-B893-B5257EE11F1D}.Debug|Any CPU.ActiveCfg = Debug|Any CPU
		{744D3023-CFA5-49BE-B893-B5257EE11F1D}.Debug|Any CPU.Build.0 = Debug|Any CPU
		{744D3023-CFA5-49BE-B893-B5257EE11F1D}.Debug|x64.ActiveCfg = Debug|Any CPU
		{744D3023-CFA5-49BE-B893-B5257EE11F1D}.Debug|x64.Build.0 = Debug|Any CPU
		{744D3023-CFA5-49BE-B893-B5257EE11F1D}.Debug|x86.ActiveCfg = Debug|Any CPU
		{744D3023-CFA5-49BE-B893-B5257EE11F1D}.Debug|x86.Build.0 = Debug|Any CPU
		{744D3023-CFA5-49BE-B893-B5257EE11F1D}.Release|Any CPU.ActiveCfg = Release|Any CPU
		{744D3023-CFA5-49BE-B893-B5257EE11F1D}.Release|Any CPU.Build.0 = Release|Any CPU
		{744D3023-CFA5-49BE-B893-B5257EE11F1D}.Release|x64.ActiveCfg = Release|Any CPU
		{744D3023-CFA5-49BE-B893-B5257EE11F1D}.Release|x64.Build.0 = Release|Any CPU
		{744D3023-CFA5-49BE-B893-B5257EE11F1D}.Release|x86.ActiveCfg = Release|Any CPU
		{744D3023-CFA5-49BE-B893-B5257EE11F1D}.Release|x86.Build.0 = Release|Any CPU
		{3E5D5A68-9ACB-429D-AA72-99967A37515D}.Debug|Any CPU.ActiveCfg = Debug|Any CPU
		{3E5D5A68-9ACB-429D-AA72-99967A37515D}.Debug|Any CPU.Build.0 = Debug|Any CPU
		{3E5D5A68-9ACB-429D-AA72-99967A37515D}.Debug|x64.ActiveCfg = Debug|Any CPU
		{3E5D5A68-9ACB-429D-AA72-99967A37515D}.Debug|x64.Build.0 = Debug|Any CPU
		{3E5D5A68-9ACB-429D-AA72-99967A37515D}.Debug|x86.ActiveCfg = Debug|Any CPU
		{3E5D5A68-9ACB-429D-AA72-99967A37515D}.Debug|x86.Build.0 = Debug|Any CPU
		{3E5D5A68-9ACB-429D-AA72-99967A37515D}.Release|Any CPU.ActiveCfg = Release|Any CPU
		{3E5D5A68-9ACB-429D-AA72-99967A37515D}.Release|Any CPU.Build.0 = Release|Any CPU
		{3E5D5A68-9ACB-429D-AA72-99967A37515D}.Release|x64.ActiveCfg = Release|Any CPU
		{3E5D5A68-9ACB-429D-AA72-99967A37515D}.Release|x64.Build.0 = Release|Any CPU
		{3E5D5A68-9ACB-429D-AA72-99967A37515D}.Release|x86.ActiveCfg = Release|Any CPU
		{3E5D5A68-9ACB-429D-AA72-99967A37515D}.Release|x86.Build.0 = Release|Any CPU
		{E8F9C196-E7EB-4061-B72C-3F8F912F7EF7}.Debug|Any CPU.ActiveCfg = Debug|Any CPU
		{E8F9C196-E7EB-4061-B72C-3F8F912F7EF7}.Debug|Any CPU.Build.0 = Debug|Any CPU
		{E8F9C196-E7EB-4061-B72C-3F8F912F7EF7}.Debug|x64.ActiveCfg = Debug|Any CPU
		{E8F9C196-E7EB-4061-B72C-3F8F912F7EF7}.Debug|x64.Build.0 = Debug|Any CPU
		{E8F9C196-E7EB-4061-B72C-3F8F912F7EF7}.Debug|x86.ActiveCfg = Debug|Any CPU
		{E8F9C196-E7EB-4061-B72C-3F8F912F7EF7}.Debug|x86.Build.0 = Debug|Any CPU
		{E8F9C196-E7EB-4061-B72C-3F8F912F7EF7}.Release|Any CPU.ActiveCfg = Release|Any CPU
		{E8F9C196-E7EB-4061-B72C-3F8F912F7EF7}.Release|Any CPU.Build.0 = Release|Any CPU
		{E8F9C196-E7EB-4061-B72C-3F8F912F7EF7}.Release|x64.ActiveCfg = Release|Any CPU
		{E8F9C196-E7EB-4061-B72C-3F8F912F7EF7}.Release|x64.Build.0 = Release|Any CPU
		{E8F9C196-E7EB-4061-B72C-3F8F912F7EF7}.Release|x86.ActiveCfg = Release|Any CPU
		{E8F9C196-E7EB-4061-B72C-3F8F912F7EF7}.Release|x86.Build.0 = Release|Any CPU
		{60B9D9F5-C49A-4C7E-940E-108D6E282321}.Debug|Any CPU.ActiveCfg = Debug|Any CPU
		{60B9D9F5-C49A-4C7E-940E-108D6E282321}.Debug|Any CPU.Build.0 = Debug|Any CPU
		{60B9D9F5-C49A-4C7E-940E-108D6E282321}.Debug|x64.ActiveCfg = Debug|Any CPU
		{60B9D9F5-C49A-4C7E-940E-108D6E282321}.Debug|x64.Build.0 = Debug|Any CPU
		{60B9D9F5-C49A-4C7E-940E-108D6E282321}.Debug|x86.ActiveCfg = Debug|Any CPU
		{60B9D9F5-C49A-4C7E-940E-108D6E282321}.Debug|x86.Build.0 = Debug|Any CPU
		{60B9D9F5-C49A-4C7E-940E-108D6E282321}.Release|Any CPU.ActiveCfg = Release|Any CPU
		{60B9D9F5-C49A-4C7E-940E-108D6E282321}.Release|Any CPU.Build.0 = Release|Any CPU
		{60B9D9F5-C49A-4C7E-940E-108D6E282321}.Release|x64.ActiveCfg = Release|Any CPU
		{60B9D9F5-C49A-4C7E-940E-108D6E282321}.Release|x64.Build.0 = Release|Any CPU
		{60B9D9F5-C49A-4C7E-940E-108D6E282321}.Release|x86.ActiveCfg = Release|Any CPU
		{60B9D9F5-C49A-4C7E-940E-108D6E282321}.Release|x86.Build.0 = Release|Any CPU
		{6F2C3416-BCE1-4E71-8598-8C5AD5C3CF71}.Debug|Any CPU.ActiveCfg = Debug|Any CPU
		{6F2C3416-BCE1-4E71-8598-8C5AD5C3CF71}.Debug|Any CPU.Build.0 = Debug|Any CPU
		{6F2C3416-BCE1-4E71-8598-8C5AD5C3CF71}.Debug|x64.ActiveCfg = Debug|Any CPU
		{6F2C3416-BCE1-4E71-8598-8C5AD5C3CF71}.Debug|x64.Build.0 = Debug|Any CPU
		{6F2C3416-BCE1-4E71-8598-8C5AD5C3CF71}.Debug|x86.ActiveCfg = Debug|Any CPU
		{6F2C3416-BCE1-4E71-8598-8C5AD5C3CF71}.Debug|x86.Build.0 = Debug|Any CPU
		{6F2C3416-BCE1-4E71-8598-8C5AD5C3CF71}.Release|Any CPU.ActiveCfg = Release|Any CPU
		{6F2C3416-BCE1-4E71-8598-8C5AD5C3CF71}.Release|Any CPU.Build.0 = Release|Any CPU
		{6F2C3416-BCE1-4E71-8598-8C5AD5C3CF71}.Release|x64.ActiveCfg = Release|Any CPU
		{6F2C3416-BCE1-4E71-8598-8C5AD5C3CF71}.Release|x64.Build.0 = Release|Any CPU
		{6F2C3416-BCE1-4E71-8598-8C5AD5C3CF71}.Release|x86.ActiveCfg = Release|Any CPU
		{6F2C3416-BCE1-4E71-8598-8C5AD5C3CF71}.Release|x86.Build.0 = Release|Any CPU
		{A6F7AE2B-7564-447E-9C12-EA643298C199}.Debug|Any CPU.ActiveCfg = Debug|Any CPU
		{A6F7AE2B-7564-447E-9C12-EA643298C199}.Debug|Any CPU.Build.0 = Debug|Any CPU
		{A6F7AE2B-7564-447E-9C12-EA643298C199}.Debug|x64.ActiveCfg = Debug|Any CPU
		{A6F7AE2B-7564-447E-9C12-EA643298C199}.Debug|x64.Build.0 = Debug|Any CPU
		{A6F7AE2B-7564-447E-9C12-EA643298C199}.Debug|x86.ActiveCfg = Debug|Any CPU
		{A6F7AE2B-7564-447E-9C12-EA643298C199}.Debug|x86.Build.0 = Debug|Any CPU
		{A6F7AE2B-7564-447E-9C12-EA643298C199}.Release|Any CPU.ActiveCfg = Release|Any CPU
		{A6F7AE2B-7564-447E-9C12-EA643298C199}.Release|Any CPU.Build.0 = Release|Any CPU
		{A6F7AE2B-7564-447E-9C12-EA643298C199}.Release|x64.ActiveCfg = Release|Any CPU
		{A6F7AE2B-7564-447E-9C12-EA643298C199}.Release|x64.Build.0 = Release|Any CPU
		{A6F7AE2B-7564-447E-9C12-EA643298C199}.Release|x86.ActiveCfg = Release|Any CPU
		{A6F7AE2B-7564-447E-9C12-EA643298C199}.Release|x86.Build.0 = Release|Any CPU
		{B8E3C5D2-4A71-4F92-8C3E-1D9F7A6B2E84}.Debug|Any CPU.ActiveCfg = Debug|Any CPU
		{B8E3C5D2-4A71-4F92-8C3E-1D9F7A6B2E84}.Debug|Any CPU.Build.0 = Debug|Any CPU
		{B8E3C5D2-4A71-4F92-8C3E-1D9F7A6B2E84}.Debug|x64.ActiveCfg = Debug|Any CPU
		{B8E3C5D2-4A71-4F92-8C3E-1D9F7A6B2E84}.Debug|x64.Build.0 = Debug|Any CPU
		{B8E3C5D2-4A71-4F92-8C3E-1D9F7A6B2E84}.Debug|x86.ActiveCfg = Debug|Any CPU
		{B8E3C5D2-4A71-4F92-8C3E-1D9F7A6B2E84}.Debug|x86.Build.0 = Debug|Any CPU
		{B8E3C5D2-4A71-4F92-8C3E-1D9F7A6B2E84}.Release|Any CPU.ActiveCfg = Release|Any CPU
		{B8E3C5D2-4A71-4F92-8C3E-1D9F7A6B2E84}.Release|Any CPU.Build.0 = Release|Any CPU
		{B8E3C5D2-4A71-4F92-8C3E-1D9F7A6B2E84}.Release|x64.ActiveCfg = Release|Any CPU
		{B8E3C5D2-4A71-4F92-8C3E-1D9F7A6B2E84}.Release|x64.Build.0 = Release|Any CPU
		{B8E3C5D2-4A71-4F92-8C3E-1D9F7A6B2E84}.Release|x86.ActiveCfg = Release|Any CPU
		{B8E3C5D2-4A71-4F92-8C3E-1D9F7A6B2E84}.Release|x86.Build.0 = Release|Any CPU
	EndGlobalSection
	GlobalSection(SolutionProperties) = preSolution
		HideSolutionNode = FALSE
	EndGlobalSection
	GlobalSection(NestedProjects) = preSolution
		{179E098D-A1F4-45FB-ADFA-4A467CD7BE99} = {827E0CD3-B72D-47B6-A68D-7590B98EB39B}
		{E4937113-D0F5-47F1-B492-86FC1AFE4E05} = {827E0CD3-B72D-47B6-A68D-7590B98EB39B}
		{E30A8EE2-2410-4C21-BE68-3833A7BFD6A4} = {0AB3BF05-4346-4AA6-1389-037BE0695223}
		{793E5C50-DCE8-48E5-8A3F-CBC34573ECFF} = {827E0CD3-B72D-47B6-A68D-7590B98EB39B}
		{1DDA9735-9AC1-4BF7-AB5C-937BEA0B027A} = {5D20AA90-6969-D8BD-9DCD-8634F4692FDA}
		{C6347C73-E11E-452D-A522-BA086AE11DF7} = {5D20AA90-6969-D8BD-9DCD-8634F4692FDA}
		{337523D3-7D9A-415E-AE1B-F9076D4C10EA} = {0AB3BF05-4346-4AA6-1389-037BE0695223}
		{064FBF9F-D8C5-46D7-B432-075198C1C780} = {827E0CD3-B72D-47B6-A68D-7590B98EB39B}
		{85F4FBE9-D300-4E15-B126-F35F2038B8DF} = {5D20AA90-6969-D8BD-9DCD-8634F4692FDA}
		{3931A2B2-8229-4A44-88A8-4DE13529691B} = {5D20AA90-6969-D8BD-9DCD-8634F4692FDA}
		{C3CB3BA5-D425-460F-8D5B-821EB570E222} = {0AB3BF05-4346-4AA6-1389-037BE0695223}
		{74C16B7B-288A-448C-B2F5-0BF64606A99C} = {827E0CD3-B72D-47B6-A68D-7590B98EB39B}
		{A9CBB547-A0FC-42D8-AADD-0E2445660EDB} = {0AB3BF05-4346-4AA6-1389-037BE0695223}
		{FF8F79C6-2251-4C6E-A365-F3E880121986} = {5D20AA90-6969-D8BD-9DCD-8634F4692FDA}
		{8D20320A-2CE1-4262-821B-9318732DCA65} = {827E0CD3-B72D-47B6-A68D-7590B98EB39B}
		{1FD4505A-204E-4162-A0C1-3A96261604AD} = {5D20AA90-6969-D8BD-9DCD-8634F4692FDA}
		{16EDB586-B07F-406F-B4AA-6C36E46615ED} = {5D20AA90-6969-D8BD-9DCD-8634F4692FDA}
		{B6E4889C-8807-4914-A7FC-5BFBFE2F1D11} = {0AB3BF05-4346-4AA6-1389-037BE0695223}
		{3A0D7C7B-ED2B-4414-9CAB-97F4E210C588} = {827E0CD3-B72D-47B6-A68D-7590B98EB39B}
		{2AB7EFDA-B716-4F5A-A6EA-CE75143A0B53} = {0AB3BF05-4346-4AA6-1389-037BE0695223}
		{76510BC3-7F9C-4393-978A-AB989A6EF574} = {827E0CD3-B72D-47B6-A68D-7590B98EB39B}
		{0B43E03C-9C7A-4121-9B85-B526D9050E3D} = {0AB3BF05-4346-4AA6-1389-037BE0695223}
		{E23D6989-16DA-461E-8ADE-B10D705927EB} = {5D20AA90-6969-D8BD-9DCD-8634F4692FDA}
		{205E340E-D1C3-4084-932E-BC457CA8BE6F} = {5D20AA90-6969-D8BD-9DCD-8634F4692FDA}
		{744D3023-CFA5-49BE-B893-B5257EE11F1D} = {827E0CD3-B72D-47B6-A68D-7590B98EB39B}
		{3E5D5A68-9ACB-429D-AA72-99967A37515D} = {827E0CD3-B72D-47B6-A68D-7590B98EB39B}
		{E8F9C196-E7EB-4061-B72C-3F8F912F7EF7} = {0AB3BF05-4346-4AA6-1389-037BE0695223}
		{60B9D9F5-C49A-4C7E-940E-108D6E282321} = {0AB3BF05-4346-4AA6-1389-037BE0695223}
		{6F2C3416-BCE1-4E71-8598-8C5AD5C3CF71} = {5D20AA90-6969-D8BD-9DCD-8634F4692FDA}
		{A6F7AE2B-7564-447E-9C12-EA643298C199} = {5D20AA90-6969-D8BD-9DCD-8634F4692FDA}
		{B8E3C5D2-4A71-4F92-8C3E-1D9F7A6B2E84} = {5D20AA90-6969-D8BD-9DCD-8634F4692FDA}
	EndGlobalSection
EndGlobal
